
Microsoft Visual Studio Solution File, Format Version 12.00
# Visual Studio Version 17
VisualStudioVersion = 17.14.36518.9 d17.14
MinimumVisualStudioVersion = 10.0.40219.1
Project("{FAE04EC0-301F-11D3-BF4B-00C04F79EFBC}") = "SurveyPortal.API", "SurveyPortal.API\SurveyPortal.API.csproj", "{7EE3FFFE-86A3-4B90-BCF2-AC18E781C639}"
EndProject
Global
	GlobalSection(SolutionConfigurationPlatforms) = preSolution
		Debug|Any CPU = Debug|Any CPU
		Release|Any CPU = Release|Any CPU
	EndGlobalSection
	GlobalSection(ProjectConfigurationPlatforms) = postSolution
		{7EE3FFFE-86A3-4B90-BCF2-AC18E781C639}.Debug|Any CPU.ActiveCfg = Debug|Any CPU
		{7EE3FFFE-86A3-4B90-BCF2-AC18E781C639}.Debug|Any CPU.Build.0 = Debug|Any CPU
		{7EE3FFFE-86A3-4B90-BCF2-AC18E781C639}.Release|Any CPU.ActiveCfg = Release|Any CPU
		{7EE3FFFE-86A3-4B90-BCF2-AC18E781C639}.Release|Any CPU.Build.0 = Release|Any CPU
	EndGlobalSection
	GlobalSection(SolutionProperties) = preSolution
		HideSolutionNode = FALSE
	EndGlobalSection
	GlobalSection(ExtensibilityGlobals) = postSolution
		SolutionGuid = {85F62FDC-1739-4DB1-94D1-B89638C946BC}
	EndGlobalSection
EndGlobal
